
Microsoft Visual Studio Solution File, Format Version 12.00
# Visual Studio 15
VisualStudioVersion = 15.0.27428.2037
MinimumVisualStudioVersion = 10.0.40219.1
Project("{FAE04EC0-301F-11D3-BF4B-00C04F79EFBC}") = "RCA", "RCA\RCA.csproj", "{76249F9E-3F98-487B-86FA-008F7DCF1C8B}"
EndProject
Project("{FAE04EC0-301F-11D3-BF4B-00C04F79EFBC}") = "BL", "BL\BL.csproj", "{F271D8D4-B8AD-49B3-AE7B-B508957D5B8D}"
EndProject
Project("{FAE04EC0-301F-11D3-BF4B-00C04F79EFBC}") = "DAL", "DAL\DAL.csproj", "{76044F9E-BFA3-4184-89AF-9966D86CC326}"
EndProject
Project("{FAE04EC0-301F-11D3-BF4B-00C04F79EFBC}") = "Helper", "Helper\Helper.csproj", "{0E0AE761-6DDB-4502-B25A-7C21B56A25DF}"
EndProject
Project("{FAE04EC0-301F-11D3-BF4B-00C04F79EFBC}") = "Schema", "Schema\Schema.csproj", "{1C64EE0D-DAE0-414A-B9C4-DC7891FB0D46}"
EndProject
Global
	GlobalSection(SolutionConfigurationPlatforms) = preSolution
		Debug|Any CPU = Debug|Any CPU
		Release|Any CPU = Release|Any CPU
	EndGlobalSection
	GlobalSection(ProjectConfigurationPlatforms) = postSolution
		{76249F9E-3F98-487B-86FA-008F7DCF1C8B}.Debug|Any CPU.ActiveCfg = Debug|Any CPU
		{76249F9E-3F98-487B-86FA-008F7DCF1C8B}.Debug|Any CPU.Build.0 = Debug|Any CPU
		{76249F9E-3F98-487B-86FA-008F7DCF1C8B}.Release|Any CPU.ActiveCfg = Release|Any CPU
		{76249F9E-3F98-487B-86FA-008F7DCF1C8B}.Release|Any CPU.Build.0 = Release|Any CPU
		{F271D8D4-B8AD-49B3-AE7B-B508957D5B8D}.Debug|Any CPU.ActiveCfg = Debug|Any CPU
		{F271D8D4-B8AD-49B3-AE7B-B508957D5B8D}.Debug|Any CPU.Build.0 = Debug|Any CPU
		{F271D8D4-B8AD-49B3-AE7B-B508957D5B8D}.Release|Any CPU.ActiveCfg = Release|Any CPU
		{F271D8D4-B8AD-49B3-AE7B-B508957D5B8D}.Release|Any CPU.Build.0 = Release|Any CPU
		{76044F9E-BFA3-4184-89AF-9966D86CC326}.Debug|Any CPU.ActiveCfg = Debug|Any CPU
		{76044F9E-BFA3-4184-89AF-9966D86CC326}.Debug|Any CPU.Build.0 = Debug|Any CPU
		{76044F9E-BFA3-4184-89AF-9966D86CC326}.Release|Any CPU.ActiveCfg = Release|Any CPU
		{76044F9E-BFA3-4184-89AF-9966D86CC326}.Release|Any CPU.Build.0 = Release|Any CPU
		{0E0AE761-6DDB-4502-B25A-7C21B56A25DF}.Debug|Any CPU.ActiveCfg = Debug|Any CPU
		{0E0AE761-6DDB-4502-B25A-7C21B56A25DF}.Debug|Any CPU.Build.0 = Debug|Any CPU
		{0E0AE761-6DDB-4502-B25A-7C21B56A25DF}.Release|Any CPU.ActiveCfg = Release|Any CPU
		{0E0AE761-6DDB-4502-B25A-7C21B56A25DF}.Release|Any CPU.Build.0 = Release|Any CPU
		{1C64EE0D-DAE0-414A-B9C4-DC7891FB0D46}.Debug|Any CPU.ActiveCfg = Debug|Any CPU
		{1C64EE0D-DAE0-414A-B9C4-DC7891FB0D46}.Debug|Any CPU.Build.0 = Debug|Any CPU
		{1C64EE0D-DAE0-414A-B9C4-DC7891FB0D46}.Release|Any CPU.ActiveCfg = Release|Any CPU
		{1C64EE0D-DAE0-414A-B9C4-DC7891FB0D46}.Release|Any CPU.Build.0 = Release|Any CPU
	EndGlobalSection
	GlobalSection(SolutionProperties) = preSolution
		HideSolutionNode = FALSE
	EndGlobalSection
	GlobalSection(ExtensibilityGlobals) = postSolution
		SolutionGuid = {2B677AAA-2ACF-4C78-A2EB-BB304EC9D6C0}
	EndGlobalSection
EndGlobal
